{
    "_readme": [
        "This file locks the dependencies of your project to a known state",
        "Read more about it at https://getcomposer.org/doc/01-basic-usage.md#installing-dependencies",
        "This file is @generated automatically"
    ],
    "content-hash": "08ae2a424af7172d5c5718916f7fd614",
    "packages": [
        {
            "name": "phpstan/phpstan",
            "version": "0.12.83",
            "source": {
                "type": "git",
                "url": "https://github.com/phpstan/phpstan.git",
                "reference": "4a967cec6efb46b500dd6d768657336a3ffe699f"
            },
            "dist": {
                "type": "zip",
                "url": "https://api.github.com/repos/phpstan/phpstan/zipball/4a967cec6efb46b500dd6d768657336a3ffe699f",
                "reference": "4a967cec6efb46b500dd6d768657336a3ffe699f",
                "shasum": ""
            },
            "require": {
                "php": "^7.1|^8.0"
            },
            "conflict": {
                "phpstan/phpstan-shim": "*"
            },
            "bin": [
                "phpstan",
                "phpstan.phar"
            ],
            "type": "library",
            "extra": {
                "branch-alias": {
                    "dev-master": "0.12-dev"
                }
            },
            "autoload": {
                "files": [
                    "bootstrap.php"
                ]
            },
            "notification-url": "https://packagist.org/downloads/",
            "license": [
                "MIT"
            ],
            "description": "PHPStan - PHP Static Analysis Tool",
            "funding": [
                {
                    "url": "https://github.com/ondrejmirtes",
                    "type": "github"
                },
                {
                    "url": "https://www.patreon.com/phpstan",
                    "type": "patreon"
                },
                {
                    "url": "https://tidelift.com/funding/github/packagist/phpstan/phpstan",
                    "type": "tidelift"
                }
            ],
            "time": "2021-04-03T15:35:45+00:00"
        },
        {
            "name": "phpstan/phpstan-phpunit",
            "version": "0.12.18",
            "source": {
                "type": "git",
                "url": "https://github.com/phpstan/phpstan-phpunit.git",
                "reference": "ab44aec7cfb5cb267b8bc30a8caea86dd50d1f72"
            },
            "dist": {
                "type": "zip",
                "url": "https://api.github.com/repos/phpstan/phpstan-phpunit/zipball/ab44aec7cfb5cb267b8bc30a8caea86dd50d1f72",
                "reference": "ab44aec7cfb5cb267b8bc30a8caea86dd50d1f72",
                "shasum": ""
            },
            "require": {
                "php": "^7.1 || ^8.0",
                "phpstan/phpstan": "^0.12.60"
            },
            "conflict": {
                "phpunit/phpunit": "<7.0"
            },
            "require-dev": {
                "phing/phing": "^2.16.3",
                "php-parallel-lint/php-parallel-lint": "^1.2",
                "phpstan/phpstan-strict-rules": "^0.12.6",
                "phpunit/phpunit": "^7.5.20"
            },
            "type": "phpstan-extension",
            "extra": {
                "branch-alias": {
                    "dev-master": "0.12-dev"
                },
                "phpstan": {
                    "includes": [
                        "extension.neon",
                        "rules.neon"
                    ]
                }
            },
            "autoload": {
                "psr-4": {
                    "PHPStan\\": "src/"
                }
            },
            "notification-url": "https://packagist.org/downloads/",
            "license": [
                "MIT"
            ],
            "description": "PHPUnit extensions and rules for PHPStan",
            "time": "2021-03-06T11:51:27+00:00"
        },
        {
            "name": "phpstan/phpstan-symfony",
            "version": "0.12.22",
            "source": {
                "type": "git",
                "url": "https://github.com/phpstan/phpstan-symfony.git",
                "reference": "4f94ccd437d7031d3513807ad8d4aee551813e0e"
            },
            "dist": {
                "type": "zip",
                "url": "https://api.github.com/repos/phpstan/phpstan-symfony/zipball/4f94ccd437d7031d3513807ad8d4aee551813e0e",
                "reference": "4f94ccd437d7031d3513807ad8d4aee551813e0e",
                "shasum": ""
            },
            "require": {
                "ext-simplexml": "*",
                "php": "^7.1 || ^8.0",
                "phpstan/phpstan": "^0.12.83"
            },
            "conflict": {
                "symfony/framework-bundle": "<3.0"
            },
            "require-dev": {
                "phing/phing": "^2.16.3",
                "php-parallel-lint/php-parallel-lint": "^1.2",
                "phpstan/phpstan-phpunit": "^0.12.16",
                "phpstan/phpstan-strict-rules": "^0.12.5",
                "phpunit/phpunit": "^7.5.20",
                "symfony/config": "^4.2",
                "symfony/console": "^4.0",
                "symfony/framework-bundle": "^4.0",
                "symfony/http-foundation": "^4.0",
                "symfony/messenger": "^4.2",
                "symfony/serializer": "^4.0"
            },
            "type": "phpstan-extension",
            "extra": {
                "branch-alias": {
                    "dev-master": "0.12-dev"
                },
                "phpstan": {
                    "includes": [
                        "extension.neon",
                        "rules.neon"
                    ]
                }
            },
            "autoload": {
                "psr-4": {
                    "PHPStan\\": "src/"
                }
            },
            "notification-url": "https://packagist.org/downloads/",
            "license": [
                "MIT"
            ],
            "authors": [
                {
                    "name": "Lukáš Unger",
                    "email": "looky.msc@gmail.com",
                    "homepage": "https://lookyman.net"
                }
            ],
            "description": "Symfony Framework extensions and rules for PHPStan",
            "time": "2021-04-02T17:12:58+00:00"
        },
        {
            "name": "slam/phpstan-extensions",
            "version": "v4.0.0",
            "source": {
                "type": "git",
                "url": "https://github.com/Slamdunk/phpstan-extensions.git",
                "reference": "c854acc4b759dee3b72e6ad025e672633387e092"
            },
            "dist": {
                "type": "zip",
                "url": "https://api.github.com/repos/Slamdunk/phpstan-extensions/zipball/c854acc4b759dee3b72e6ad025e672633387e092",
                "reference": "c854acc4b759dee3b72e6ad025e672633387e092",
                "shasum": ""
            },
            "require": {
                "php": "^7.1",
                "phpstan/phpstan": "^0.12.0",
                "thecodingmachine/phpstan-strict-rules": "^0.12.0"
            },
            "require-dev": {
                "nette/di": "^3.0",
                "nette/neon": "^3.0",
                "phpstan/phpstan-php-parser": "^0.12.0",
                "phpstan/phpstan-phpunit": "^0.12.0",
                "phpunit/phpunit": "^7.5 || ^8.5",
                "roave/security-advisories": "dev-master",
                "slam/php-cs-fixer-extensions": "^1.18",
                "slam/php-debug-r": "^1.4"
            },
            "type": "phpstan-extension",
            "extra": {
                "phpstan": {
                    "includes": [
                        "conf/slam-rules.neon"
                    ]
                }
            },
            "autoload": {
                "psr-4": {
                    "SlamPhpStan\\": "lib/"
                }
            },
            "notification-url": "https://packagist.org/downloads/",
            "license": [
                "MIT"
            ],
            "authors": [
                {
                    "name": "Filippo Tessarotto",
                    "email": "zoeslam@gmail.com",
                    "role": "Developer"
                }
            ],
            "description": "Slam extension of phpstan",
            "time": "2019-12-08T13:14:11+00:00"
        },
        {
            "name": "thecodingmachine/phpstan-strict-rules",
            "version": "v0.12.1",
            "source": {
                "type": "git",
                "url": "https://github.com/thecodingmachine/phpstan-strict-rules.git",
                "reference": "4bb334f6f637ebfba83cfdc7392d549a8a3fbba7"
            },
            "dist": {
                "type": "zip",
                "url": "https://api.github.com/repos/thecodingmachine/phpstan-strict-rules/zipball/4bb334f6f637ebfba83cfdc7392d549a8a3fbba7",
                "reference": "4bb334f6f637ebfba83cfdc7392d549a8a3fbba7",
                "shasum": ""
            },
            "require": {
                "php": "^7.1|^8.0",
                "phpstan/phpstan": "^0.12"
            },
            "require-dev": {
                "php-coveralls/php-coveralls": "^2.1",
                "phpunit/phpunit": "^7.1"
            },
            "type": "phpstan-extension",
            "extra": {
                "branch-alias": {
                    "dev-master": "0.12-dev"
                },
                "phpstan": {
                    "includes": [
                        "phpstan-strict-rules.neon"
                    ]
                }
            },
            "autoload": {
                "psr-4": {
                    "TheCodingMachine\\PHPStan\\": "src/"
                }
            },
            "notification-url": "https://packagist.org/downloads/",
            "license": [
                "MIT"
            ],
            "authors": [
                {
                    "name": "David Négrier",
                    "email": "d.negrier@thecodingmachine.com"
                }
            ],
            "description": "A set of additional rules for PHPStan based on best practices followed at TheCodingMachine",
            "time": "2020-09-08T09:14:10+00:00"
        }
    ],
    "packages-dev": [],
    "aliases": [],
    "minimum-stability": "stable",
    "stability-flags": [],
    "prefer-stable": false,
    "prefer-lowest": false,
    "platform": [],
    "platform-dev": [],
    "plugin-api-version": "1.1.0"
}
